
Microsoft Visual Studio Solution File, Format Version 11.00
# Visual Studio 2010
Project("{FAE04EC0-301F-11D3-BF4B-00C04F79EFBC}") = "SofaDesigner2", "Assembly-CSharp-firstpass.csproj", "{F0C72F6E-1242-F963-16F7-B19F5FCA0123}"
EndProject
Project("{FAE04EC0-301F-11D3-BF4B-00C04F79EFBC}") = "SofaDesigner2", "Assembly-CSharp.csproj", "{AFB7618C-2D86-0A3F-0933-DCB5600AB908}"
EndProject
Project("{FAE04EC0-301F-11D3-BF4B-00C04F79EFBC}") = "SofaDesigner2", "Assembly-CSharp-Editor-firstpass.csproj", "{6E0CB9DA-7377-08BC-3778-B55B6C24C984}"
EndProject
Project("{FAE04EC0-301F-11D3-BF4B-00C04F79EFBC}") = "SofaDesigner2", "Assembly-CSharp-Editor.csproj", "{E80D7C20-C8A3-1999-45C7-4452A92ECAB0}"
EndProject
Global
	GlobalSection(SolutionConfigurationPlatforms) = preSolution
		Debug|Any CPU = Debug|Any CPU
		Release|Any CPU = Release|Any CPU
	EndGlobalSection
	GlobalSection(ProjectConfigurationPlatforms) = postSolution
		{F0C72F6E-1242-F963-16F7-B19F5FCA0123}.Debug|Any CPU.ActiveCfg = Debug|Any CPU
		{F0C72F6E-1242-F963-16F7-B19F5FCA0123}.Debug|Any CPU.Build.0 = Debug|Any CPU
		{F0C72F6E-1242-F963-16F7-B19F5FCA0123}.Release|Any CPU.ActiveCfg = Release|Any CPU
		{F0C72F6E-1242-F963-16F7-B19F5FCA0123}.Release|Any CPU.Build.0 = Release|Any CPU
		{AFB7618C-2D86-0A3F-0933-DCB5600AB908}.Debug|Any CPU.ActiveCfg = Debug|Any CPU
		{AFB7618C-2D86-0A3F-0933-DCB5600AB908}.Debug|Any CPU.Build.0 = Debug|Any CPU
		{AFB7618C-2D86-0A3F-0933-DCB5600AB908}.Release|Any CPU.ActiveCfg = Release|Any CPU
		{AFB7618C-2D86-0A3F-0933-DCB5600AB908}.Release|Any CPU.Build.0 = Release|Any CPU
		{6E0CB9DA-7377-08BC-3778-B55B6C24C984}.Debug|Any CPU.ActiveCfg = Debug|Any CPU
		{6E0CB9DA-7377-08BC-3778-B55B6C24C984}.Debug|Any CPU.Build.0 = Debug|Any CPU
		{6E0CB9DA-7377-08BC-3778-B55B6C24C984}.Release|Any CPU.ActiveCfg = Release|Any CPU
		{6E0CB9DA-7377-08BC-3778-B55B6C24C984}.Release|Any CPU.Build.0 = Release|Any CPU
		{E80D7C20-C8A3-1999-45C7-4452A92ECAB0}.Debug|Any CPU.ActiveCfg = Debug|Any CPU
		{E80D7C20-C8A3-1999-45C7-4452A92ECAB0}.Debug|Any CPU.Build.0 = Debug|Any CPU
		{E80D7C20-C8A3-1999-45C7-4452A92ECAB0}.Release|Any CPU.ActiveCfg = Release|Any CPU
		{E80D7C20-C8A3-1999-45C7-4452A92ECAB0}.Release|Any CPU.Build.0 = Release|Any CPU
	EndGlobalSection
	GlobalSection(SolutionProperties) = preSolution
		HideSolutionNode = FALSE
	EndGlobalSection
	GlobalSection(MonoDevelopProperties) = preSolution
		StartupItem = Assembly-CSharp.csproj
	EndGlobalSection
EndGlobal
